
Microsoft Visual Studio Solution File, Format Version 12.00
# Visual Studio Version 16
VisualStudioVersion = 16.0.30011.22
MinimumVisualStudioVersion = 10.0.40219.1
Project("{FAE04EC0-301F-11D3-BF4B-00C04F79EFBC}") = "AzureFunctionGithub", "AzureFunctionGithub\AzureFunctionGithub.csproj", "{80F6B9A0-5BAD-4D5F-B32D-297F11D5A9F5}"
EndProject
Project("{FAE04EC0-301F-11D3-BF4B-00C04F79EFBC}") = "AzureFunctionGithub.CrossCutting", "AzureFunctionGithub.CrossCutting\AzureFunctionGithub.CrossCutting.csproj", "{EE89D904-DDBD-4CB4-8F36-4FDD82E82259}"
EndProject
Project("{FAE04EC0-301F-11D3-BF4B-00C04F79EFBC}") = "AzureFunctionGithub.Services", "AzureFunctionGithub.Services\AzureFunctionGithub.Services.csproj", "{50F72C23-B354-4D84-AB87-AFBE4AE7120E}"
EndProject
Global
	GlobalSection(SolutionConfigurationPlatforms) = preSolution
		Debug|Any CPU = Debug|Any CPU
		Release|Any CPU = Release|Any CPU
	EndGlobalSection
	GlobalSection(ProjectConfigurationPlatforms) = postSolution
		{80F6B9A0-5BAD-4D5F-B32D-297F11D5A9F5}.Debug|Any CPU.ActiveCfg = Debug|Any CPU
		{80F6B9A0-5BAD-4D5F-B32D-297F11D5A9F5}.Debug|Any CPU.Build.0 = Debug|Any CPU
		{80F6B9A0-5BAD-4D5F-B32D-297F11D5A9F5}.Release|Any CPU.ActiveCfg = Release|Any CPU
		{80F6B9A0-5BAD-4D5F-B32D-297F11D5A9F5}.Release|Any CPU.Build.0 = Release|Any CPU
		{EE89D904-DDBD-4CB4-8F36-4FDD82E82259}.Debug|Any CPU.ActiveCfg = Debug|Any CPU
		{EE89D904-DDBD-4CB4-8F36-4FDD82E82259}.Debug|Any CPU.Build.0 = Debug|Any CPU
		{EE89D904-DDBD-4CB4-8F36-4FDD82E82259}.Release|Any CPU.ActiveCfg = Release|Any CPU
		{EE89D904-DDBD-4CB4-8F36-4FDD82E82259}.Release|Any CPU.Build.0 = Release|Any CPU
		{50F72C23-B354-4D84-AB87-AFBE4AE7120E}.Debug|Any CPU.ActiveCfg = Debug|Any CPU
		{50F72C23-B354-4D84-AB87-AFBE4AE7120E}.Debug|Any CPU.Build.0 = Debug|Any CPU
		{50F72C23-B354-4D84-AB87-AFBE4AE7120E}.Release|Any CPU.ActiveCfg = Release|Any CPU
		{50F72C23-B354-4D84-AB87-AFBE4AE7120E}.Release|Any CPU.Build.0 = Release|Any CPU
	EndGlobalSection
	GlobalSection(SolutionProperties) = preSolution
		HideSolutionNode = FALSE
	EndGlobalSection
	GlobalSection(ExtensibilityGlobals) = postSolution
		SolutionGuid = {F495B6FC-FA19-4DA5-B886-2943619252F6}
	EndGlobalSection
EndGlobal
